
Microsoft Visual Studio Solution File, Format Version 12.00
# Visual Studio Version 17
VisualStudioVersion = 17.9.34728.123
MinimumVisualStudioVersion = 10.0.40219.1
Project("{FAE04EC0-301F-11D3-BF4B-00C04F79EFBC}") = "Sistema de Gerenciamento Hortifruti", "Sistema de Gerenciamento Hortifruti.csproj", "{A3807429-0E53-40A3-B4BC-57A1A6F2D887}"
EndProject
Global
	GlobalSection(SolutionConfigurationPlatforms) = preSolution
		Debug|Any CPU = Debug|Any CPU
		Release|Any CPU = Release|Any CPU
	EndGlobalSection
	GlobalSection(ProjectConfigurationPlatforms) = postSolution
		{A3807429-0E53-40A3-B4BC-57A1A6F2D887}.Debug|Any CPU.ActiveCfg = Debug|Any CPU
		{A3807429-0E53-40A3-B4BC-57A1A6F2D887}.Debug|Any CPU.Build.0 = Debug|Any CPU
		{A3807429-0E53-40A3-B4BC-57A1A6F2D887}.Release|Any CPU.ActiveCfg = Release|Any CPU
		{A3807429-0E53-40A3-B4BC-57A1A6F2D887}.Release|Any CPU.Build.0 = Release|Any CPU
	EndGlobalSection
	GlobalSection(SolutionProperties) = preSolution
		HideSolutionNode = FALSE
	EndGlobalSection
	GlobalSection(ExtensibilityGlobals) = postSolution
		SolutionGuid = {FF356F54-CB86-4110-B0D9-737C6F53B171}
	EndGlobalSection
EndGlobal
